{
  "name": "rqman",
  "version": "1.0.0",
  "lockfileVersion": 2,
  "requires": true,
  "packages": {
    "": {
      "name": "rqman",
      "version": "1.0.0",
      "license": "ISC",
      "dependencies": {
        "@types/terminal-kit": "^2.5.1",
        "axios": "^1.3.5",
        "reblessed": "^0.2.1",
        "simple-json-db": "^2.0.0",
        "terminal-kit": "^3.0.0"
      },
      "devDependencies": {
        "@types/node": "^18.13.0",
        "typescript": "^4.9.5"
      }
    },
    "node_modules/@cronvel/get-pixels": {
      "version": "3.4.1",
      "resolved": "https://registry.npmjs.org/@cronvel/get-pixels/-/get-pixels-3.4.1.tgz",
      "integrity": "sha512-gB5C5nDIacLUdsMuW8YsM9SzK3vaFANe4J11CVXpovpy7bZUGrcJKmc6m/0gWG789pKr6XSZY2aEetjFvSRw5g==",
      "dependencies": {
        "jpeg-js": "^0.4.4",
        "ndarray": "^1.0.19",
        "ndarray-pack": "^1.1.1",
        "node-bitmap": "0.0.1",
        "omggif": "^1.0.10",
        "pngjs": "^6.0.0"
      }
    },
    "node_modules/@types/nextgen-events": {
      "version": "1.1.1",
      "resolved": "https://registry.npmjs.org/@types/nextgen-events/-/nextgen-events-1.1.1.tgz",
      "integrity": "sha512-5ah4pA0NmgvlUp5BAAOj3VogC31OD7ZbU+VC9DYpy5o8zQKqnxCjnnckUDsCjGnynMwzV0NUlzj23Y5/y/xfXA=="
    },
    "node_modules/@types/node": {
      "version": "18.15.11",
      "resolved": "https://registry.npmjs.org/@types/node/-/node-18.15.11.tgz",
      "integrity": "sha512-E5Kwq2n4SbMzQOn6wnmBjuK9ouqlURrcZDVfbo9ftDDTFt3nk7ZKK4GMOzoYgnpQJKcxwQw+lGaBvvlMo0qN/Q==",
      "dev": true
    },
    "node_modules/@types/terminal-kit": {
      "version": "2.5.1",
      "resolved": "https://registry.npmjs.org/@types/terminal-kit/-/terminal-kit-2.5.1.tgz",
      "integrity": "sha512-u1zB3PcH7HWDwZDc5CaH+EfrpArzvTkEtioGhsu/FMOeOxq3wJxPRzoXTAP2UpRpPnpvc2+RQvYmaT7k1reS+Q==",
      "dependencies": {
        "@types/nextgen-events": "*"
      }
    },
    "node_modules/asynckit": {
      "version": "0.4.0",
      "resolved": "https://registry.npmjs.org/asynckit/-/asynckit-0.4.0.tgz",
      "integrity": "sha512-Oei9OH4tRh0YqU3GxhX79dM/mwVgvbZJaSNaRk+bshkj0S5cfHcgYakreBjrHwatXKbz+IoIdYLxrKim2MjW0Q=="
    },
    "node_modules/axios": {
      "version": "1.3.5",
      "resolved": "https://registry.npmjs.org/axios/-/axios-1.3.5.tgz",
      "integrity": "sha512-glL/PvG/E+xCWwV8S6nCHcrfg1exGx7vxyUIivIA1iL7BIh6bePylCfVHwp6k13ao7SATxB6imau2kqY+I67kw==",
      "dependencies": {
        "follow-redirects": "^1.15.0",
        "form-data": "^4.0.0",
        "proxy-from-env": "^1.1.0"
      }
    },
    "node_modules/chroma-js": {
      "version": "2.4.2",
      "resolved": "https://registry.npmjs.org/chroma-js/-/chroma-js-2.4.2.tgz",
      "integrity": "sha512-U9eDw6+wt7V8z5NncY2jJfZa+hUH8XEj8FQHgFJTrUFnJfXYf4Ml4adI2vXZOjqRDpFWtYVWypDfZwnJ+HIR4A=="
    },
    "node_modules/combined-stream": {
      "version": "1.0.8",
      "resolved": "https://registry.npmjs.org/combined-stream/-/combined-stream-1.0.8.tgz",
      "integrity": "sha512-FQN4MRfuJeHf7cBbBMJFXhKSDq+2kAArBlmRBvcvFE5BB1HZKXtSFASDhdlz9zOYwxh8lDdnvmMOe/+5cdoEdg==",
      "dependencies": {
        "delayed-stream": "~1.0.0"
      },
      "engines": {
        "node": ">= 0.8"
      }
    },
    "node_modules/cwise-compiler": {
      "version": "1.1.3",
      "resolved": "https://registry.npmjs.org/cwise-compiler/-/cwise-compiler-1.1.3.tgz",
      "integrity": "sha512-WXlK/m+Di8DMMcCjcWr4i+XzcQra9eCdXIJrgh4TUgh0pIS/yJduLxS9JgefsHJ/YVLdgPtXm9r62W92MvanEQ==",
      "dependencies": {
        "uniq": "^1.0.0"
      }
    },
    "node_modules/delayed-stream": {
      "version": "1.0.0",
      "resolved": "https://registry.npmjs.org/delayed-stream/-/delayed-stream-1.0.0.tgz",
      "integrity": "sha512-ZySD7Nf91aLB0RxL4KGrKHBXl7Eds1DAmEdcoVawXnLD7SDhpNgtuII2aAkg7a7QS41jxPSZ17p4VdGnMHk3MQ==",
      "engines": {
        "node": ">=0.4.0"
      }
    },
    "node_modules/follow-redirects": {
      "version": "1.15.2",
      "resolved": "https://registry.npmjs.org/follow-redirects/-/follow-redirects-1.15.2.tgz",
      "integrity": "sha512-VQLG33o04KaQ8uYi2tVNbdrWp1QWxNNea+nmIB4EVM28v0hmP17z7aG1+wAkNzVq4KeXTq3221ye5qTJP91JwA==",
      "funding": [
        {
          "type": "individual",
          "url": "https://github.com/sponsors/RubenVerborgh"
        }
      ],
      "engines": {
        "node": ">=4.0"
      },
      "peerDependenciesMeta": {
        "debug": {
          "optional": true
        }
      }
    },
    "node_modules/form-data": {
      "version": "4.0.0",
      "resolved": "https://registry.npmjs.org/form-data/-/form-data-4.0.0.tgz",
      "integrity": "sha512-ETEklSGi5t0QMZuiXoA/Q6vcnxcLQP5vdugSpuAyi6SVGi2clPPp+xgEhuMaHC+zGgn31Kd235W35f7Hykkaww==",
      "dependencies": {
        "asynckit": "^0.4.0",
        "combined-stream": "^1.0.8",
        "mime-types": "^2.1.12"
      },
      "engines": {
        "node": ">= 6"
      }
    },
    "node_modules/iota-array": {
      "version": "1.0.0",
      "resolved": "https://registry.npmjs.org/iota-array/-/iota-array-1.0.0.tgz",
      "integrity": "sha512-pZ2xT+LOHckCatGQ3DcG/a+QuEqvoxqkiL7tvE8nn3uuu+f6i1TtpB5/FtWFbxUuVr5PZCx8KskuGatbJDXOWA=="
    },
    "node_modules/is-buffer": {
      "version": "1.1.6",
      "resolved": "https://registry.npmjs.org/is-buffer/-/is-buffer-1.1.6.tgz",
      "integrity": "sha512-NcdALwpXkTm5Zvvbk7owOUSvVvBKDgKP5/ewfXEznmQFfs4ZRmanOeKBTjRVjka3QFoN6XJ+9F3USqfHqTaU5w=="
    },
    "node_modules/jpeg-js": {
      "version": "0.4.4",
      "resolved": "https://registry.npmjs.org/jpeg-js/-/jpeg-js-0.4.4.tgz",
      "integrity": "sha512-WZzeDOEtTOBK4Mdsar0IqEU5sMr3vSV2RqkAIzUEV2BHnUfKGyswWFPFwK5EeDo93K3FohSHbLAjj0s1Wzd+dg=="
    },
    "node_modules/lazyness": {
      "version": "1.2.0",
      "resolved": "https://registry.npmjs.org/lazyness/-/lazyness-1.2.0.tgz",
      "integrity": "sha512-KenL6EFbwxBwRxG93t0gcUyi0Nw0Ub31FJKN1laA4UscdkL1K1AxUd0gYZdcLU3v+x+wcFi4uQKS5hL+fk500g==",
      "engines": {
        "node": ">=6.0.0"
      }
    },
    "node_modules/mime-db": {
      "version": "1.52.0",
      "resolved": "https://registry.npmjs.org/mime-db/-/mime-db-1.52.0.tgz",
      "integrity": "sha512-sPU4uV7dYlvtWJxwwxHD0PuihVNiE7TyAbQ5SWxDCB9mUYvOgroQOwYQQOKPJ8CIbE+1ETVlOoK1UC2nU3gYvg==",
      "engines": {
        "node": ">= 0.6"
      }
    },
    "node_modules/mime-types": {
      "version": "2.1.35",
      "resolved": "https://registry.npmjs.org/mime-types/-/mime-types-2.1.35.tgz",
      "integrity": "sha512-ZDY+bPm5zTTF+YpCrAU9nK0UgICYPT0QtT1NZWFv4s++TNkcgVaT0g6+4R2uI4MjQjzysHB1zxuWL50hzaeXiw==",
      "dependencies": {
        "mime-db": "1.52.0"
      },
      "engines": {
        "node": ">= 0.6"
      }
    },
    "node_modules/ndarray": {
      "version": "1.0.19",
      "resolved": "https://registry.npmjs.org/ndarray/-/ndarray-1.0.19.tgz",
      "integrity": "sha512-B4JHA4vdyZU30ELBw3g7/p9bZupyew5a7tX1Y/gGeF2hafrPaQZhgrGQfsvgfYbgdFZjYwuEcnaobeM/WMW+HQ==",
      "dependencies": {
        "iota-array": "^1.0.0",
        "is-buffer": "^1.0.2"
      }
    },
    "node_modules/ndarray-pack": {
      "version": "1.2.1",
      "resolved": "https://registry.npmjs.org/ndarray-pack/-/ndarray-pack-1.2.1.tgz",
      "integrity": "sha512-51cECUJMT0rUZNQa09EoKsnFeDL4x2dHRT0VR5U2H5ZgEcm95ZDWcMA5JShroXjHOejmAD/fg8+H+OvUnVXz2g==",
      "dependencies": {
        "cwise-compiler": "^1.1.2",
        "ndarray": "^1.0.13"
      }
    },
    "node_modules/nextgen-events": {
      "version": "1.5.3",
      "resolved": "https://registry.npmjs.org/nextgen-events/-/nextgen-events-1.5.3.tgz",
      "integrity": "sha512-P6qw6kenNXP+J9XlKJNi/MNHUQ+Lx5K8FEcSfX7/w8KJdZan5+BB5MKzuNgL2RTjHG1Svg8SehfseVEp8zAqwA==",
      "engines": {
        "node": ">=6.0.0"
      }
    },
    "node_modules/node-bitmap": {
      "version": "0.0.1",
      "resolved": "https://registry.npmjs.org/node-bitmap/-/node-bitmap-0.0.1.tgz",
      "integrity": "sha512-Jx5lPaaLdIaOsj2mVLWMWulXF6GQVdyLvNSxmiYCvZ8Ma2hfKX0POoR2kgKOqz+oFsRreq0yYZjQ2wjE9VNzCA==",
      "engines": {
        "node": ">=v0.6.5"
      }
    },
    "node_modules/omggif": {
      "version": "1.0.10",
      "resolved": "https://registry.npmjs.org/omggif/-/omggif-1.0.10.tgz",
      "integrity": "sha512-LMJTtvgc/nugXj0Vcrrs68Mn2D1r0zf630VNtqtpI1FEO7e+O9FP4gqs9AcnBaSEeoHIPm28u6qgPR0oyEpGSw=="
    },
    "node_modules/pngjs": {
      "version": "6.0.0",
      "resolved": "https://registry.npmjs.org/pngjs/-/pngjs-6.0.0.tgz",
      "integrity": "sha512-TRzzuFRRmEoSW/p1KVAmiOgPco2Irlah+bGFCeNfJXxxYGwSw7YwAOAcd7X28K/m5bjBWKsC29KyoMfHbypayg==",
      "engines": {
        "node": ">=12.13.0"
      }
    },
    "node_modules/proxy-from-env": {
      "version": "1.1.0",
      "resolved": "https://registry.npmjs.org/proxy-from-env/-/proxy-from-env-1.1.0.tgz",
      "integrity": "sha512-D+zkORCbA9f1tdWRK0RaCR3GPv50cMxcrz4X8k5LTSUD1Dkw47mKJEZQNunItRTkWwgtaUSo1RVFRIG9ZXiFYg=="
    },
    "node_modules/reblessed": {
      "version": "0.2.1",
      "resolved": "https://registry.npmjs.org/reblessed/-/reblessed-0.2.1.tgz",
      "integrity": "sha512-L2/u0PpF18T8YKc5EiwnY8/+YNBR2DOtbb45H8AvgtxYzU64Xr7D1lI+rjZ8hNHHAK40n99lGmU3wvxat8L89Q==",
      "bin": {
        "reblessed": "bin/tput.js"
      },
      "engines": {
        "node": ">= 8.10"
      }
    },
    "node_modules/setimmediate": {
      "version": "1.0.5",
      "resolved": "https://registry.npmjs.org/setimmediate/-/setimmediate-1.0.5.tgz",
      "integrity": "sha512-MATJdZp8sLqDl/68LfQmbP8zKPLQNV6BIZoIgrscFDQ+RsvK/BxeDQOgyxKKoh0y/8h3BqVFnCqQ/gd+reiIXA=="
    },
    "node_modules/seventh": {
      "version": "0.8.2",
      "resolved": "https://registry.npmjs.org/seventh/-/seventh-0.8.2.tgz",
      "integrity": "sha512-GQsGIdg98GLYW4KEtzr+JKfI94NTaSeJAzAL3XrObeFeHvVp7PwuVELYNzk6XO1s8rWD+tTDKce3wh/No8ZPAg==",
      "dependencies": {
        "setimmediate": "^1.0.5"
      },
      "engines": {
        "node": ">=16.13.0"
      }
    },
    "node_modules/simple-json-db": {
      "version": "2.0.0",
      "resolved": "https://registry.npmjs.org/simple-json-db/-/simple-json-db-2.0.0.tgz",
      "integrity": "sha512-oTh7gFQzqAe0E8RN3EkisPo0CojkzcKCKibTcJncg0yt47hWTaNwwjX/FsxfXSTDxfMjBFXFVnZe/EskAlJr7w==",
      "engines": {
        "node": ">=10.0"
      }
    },
    "node_modules/string-kit": {
      "version": "0.17.8",
      "resolved": "https://registry.npmjs.org/string-kit/-/string-kit-0.17.8.tgz",
      "integrity": "sha512-pkJoGTq6y/xMwvV9A9Ets/sRgYEQ/nxhbHsm0z/8pAB6pqkC2JF+Od9r1o8CPRkai12r0XjRsCwUiZaSnEdjdA==",
      "engines": {
        "node": ">=14.15.0"
      }
    },
    "node_modules/terminal-kit": {
      "version": "3.0.0",
      "resolved": "https://registry.npmjs.org/terminal-kit/-/terminal-kit-3.0.0.tgz",
      "integrity": "sha512-GSJGYF0+hoFylKJXmq0ntE42b4S7zUkxFpf7FqHGwKFPCNeGkuv3jV0tmGquZkmfh5mYb/B2xoPJiP40mJsQrg==",
      "dependencies": {
        "@cronvel/get-pixels": "^3.4.1",
        "chroma-js": "^2.4.2",
        "lazyness": "^1.2.0",
        "ndarray": "^1.0.19",
        "nextgen-events": "^1.5.3",
        "seventh": "^0.8.1",
        "string-kit": "^0.17.6",
        "tree-kit": "^0.7.4"
      },
      "engines": {
        "node": ">=16.13.0"
      }
    },
    "node_modules/tree-kit": {
      "version": "0.7.4",
      "resolved": "https://registry.npmjs.org/tree-kit/-/tree-kit-0.7.4.tgz",
      "integrity": "sha512-Of3tPmVs3b6BhzyUJ7t0olisf47kYr9qAm0XaUpURMjdBn6TwiVaaMuTFoKkkvPGojd9trKAHlrGGcGKcdR1DA=="
    },
    "node_modules/typescript": {
      "version": "4.9.5",
      "resolved": "https://registry.npmjs.org/typescript/-/typescript-4.9.5.tgz",
      "integrity": "sha512-1FXk9E2Hm+QzZQ7z+McJiHL4NW1F2EzMu9Nq9i3zAaGqibafqYwCVU6WyWAuyQRRzOlxou8xZSyXLEN8oKj24g==",
      "dev": true,
      "bin": {
        "tsc": "bin/tsc",
        "tsserver": "bin/tsserver"
      },
      "engines": {
        "node": ">=4.2.0"
      }
    },
    "node_modules/uniq": {
      "version": "1.0.1",
      "resolved": "https://registry.npmjs.org/uniq/-/uniq-1.0.1.tgz",
      "integrity": "sha512-Gw+zz50YNKPDKXs+9d+aKAjVwpjNwqzvNpLigIruT4HA9lMZNdMqs9x07kKHB/L9WRzqp4+DlTU5s4wG2esdoA=="
    }
  },
  "dependencies": {
    "@cronvel/get-pixels": {
      "version": "3.4.1",
      "resolved": "https://registry.npmjs.org/@cronvel/get-pixels/-/get-pixels-3.4.1.tgz",
      "integrity": "sha512-gB5C5nDIacLUdsMuW8YsM9SzK3vaFANe4J11CVXpovpy7bZUGrcJKmc6m/0gWG789pKr6XSZY2aEetjFvSRw5g==",
      "requires": {
        "jpeg-js": "^0.4.4",
        "ndarray": "^1.0.19",
        "ndarray-pack": "^1.1.1",
        "node-bitmap": "0.0.1",
        "omggif": "^1.0.10",
        "pngjs": "^6.0.0"
      }
    },
    "@types/nextgen-events": {
      "version": "1.1.1",
      "resolved": "https://registry.npmjs.org/@types/nextgen-events/-/nextgen-events-1.1.1.tgz",
      "integrity": "sha512-5ah4pA0NmgvlUp5BAAOj3VogC31OD7ZbU+VC9DYpy5o8zQKqnxCjnnckUDsCjGnynMwzV0NUlzj23Y5/y/xfXA=="
    },
    "@types/node": {
      "version": "18.15.11",
      "resolved": "https://registry.npmjs.org/@types/node/-/node-18.15.11.tgz",
      "integrity": "sha512-E5Kwq2n4SbMzQOn6wnmBjuK9ouqlURrcZDVfbo9ftDDTFt3nk7ZKK4GMOzoYgnpQJKcxwQw+lGaBvvlMo0qN/Q==",
      "dev": true
    },
    "@types/terminal-kit": {
      "version": "2.5.1",
      "resolved": "https://registry.npmjs.org/@types/terminal-kit/-/terminal-kit-2.5.1.tgz",
      "integrity": "sha512-u1zB3PcH7HWDwZDc5CaH+EfrpArzvTkEtioGhsu/FMOeOxq3wJxPRzoXTAP2UpRpPnpvc2+RQvYmaT7k1reS+Q==",
      "requires": {
        "@types/nextgen-events": "*"
      }
    },
    "asynckit": {
      "version": "0.4.0",
      "resolved": "https://registry.npmjs.org/asynckit/-/asynckit-0.4.0.tgz",
      "integrity": "sha512-Oei9OH4tRh0YqU3GxhX79dM/mwVgvbZJaSNaRk+bshkj0S5cfHcgYakreBjrHwatXKbz+IoIdYLxrKim2MjW0Q=="
    },
    "axios": {
      "version": "1.3.5",
      "resolved": "https://registry.npmjs.org/axios/-/axios-1.3.5.tgz",
      "integrity": "sha512-glL/PvG/E+xCWwV8S6nCHcrfg1exGx7vxyUIivIA1iL7BIh6bePylCfVHwp6k13ao7SATxB6imau2kqY+I67kw==",
      "requires": {
        "follow-redirects": "^1.15.0",
        "form-data": "^4.0.0",
        "proxy-from-env": "^1.1.0"
      }
    },
    "chroma-js": {
      "version": "2.4.2",
      "resolved": "https://registry.npmjs.org/chroma-js/-/chroma-js-2.4.2.tgz",
      "integrity": "sha512-U9eDw6+wt7V8z5NncY2jJfZa+hUH8XEj8FQHgFJTrUFnJfXYf4Ml4adI2vXZOjqRDpFWtYVWypDfZwnJ+HIR4A=="
    },
    "combined-stream": {
      "version": "1.0.8",
      "resolved": "https://registry.npmjs.org/combined-stream/-/combined-stream-1.0.8.tgz",
      "integrity": "sha512-FQN4MRfuJeHf7cBbBMJFXhKSDq+2kAArBlmRBvcvFE5BB1HZKXtSFASDhdlz9zOYwxh8lDdnvmMOe/+5cdoEdg==",
      "requires": {
        "delayed-stream": "~1.0.0"
      }
    },
    "cwise-compiler": {
      "version": "1.1.3",
      "resolved": "https://registry.npmjs.org/cwise-compiler/-/cwise-compiler-1.1.3.tgz",
      "integrity": "sha512-WXlK/m+Di8DMMcCjcWr4i+XzcQra9eCdXIJrgh4TUgh0pIS/yJduLxS9JgefsHJ/YVLdgPtXm9r62W92MvanEQ==",
      "requires": {
        "uniq": "^1.0.0"
      }
    },
    "delayed-stream": {
      "version": "1.0.0",
      "resolved": "https://registry.npmjs.org/delayed-stream/-/delayed-stream-1.0.0.tgz",
      "integrity": "sha512-ZySD7Nf91aLB0RxL4KGrKHBXl7Eds1DAmEdcoVawXnLD7SDhpNgtuII2aAkg7a7QS41jxPSZ17p4VdGnMHk3MQ=="
    },
    "follow-redirects": {
      "version": "1.15.2",
      "resolved": "https://registry.npmjs.org/follow-redirects/-/follow-redirects-1.15.2.tgz",
      "integrity": "sha512-VQLG33o04KaQ8uYi2tVNbdrWp1QWxNNea+nmIB4EVM28v0hmP17z7aG1+wAkNzVq4KeXTq3221ye5qTJP91JwA=="
    },
    "form-data": {
      "version": "4.0.0",
      "resolved": "https://registry.npmjs.org/form-data/-/form-data-4.0.0.tgz",
      "integrity": "sha512-ETEklSGi5t0QMZuiXoA/Q6vcnxcLQP5vdugSpuAyi6SVGi2clPPp+xgEhuMaHC+zGgn31Kd235W35f7Hykkaww==",
      "requires": {
        "asynckit": "^0.4.0",
        "combined-stream": "^1.0.8",
        "mime-types": "^2.1.12"
      }
    },
    "iota-array": {
      "version": "1.0.0",
      "resolved": "https://registry.npmjs.org/iota-array/-/iota-array-1.0.0.tgz",
      "integrity": "sha512-pZ2xT+LOHckCatGQ3DcG/a+QuEqvoxqkiL7tvE8nn3uuu+f6i1TtpB5/FtWFbxUuVr5PZCx8KskuGatbJDXOWA=="
    },
    "is-buffer": {
      "version": "1.1.6",
      "resolved": "https://registry.npmjs.org/is-buffer/-/is-buffer-1.1.6.tgz",
      "integrity": "sha512-NcdALwpXkTm5Zvvbk7owOUSvVvBKDgKP5/ewfXEznmQFfs4ZRmanOeKBTjRVjka3QFoN6XJ+9F3USqfHqTaU5w=="
    },
    "jpeg-js": {
      "version": "0.4.4",
      "resolved": "https://registry.npmjs.org/jpeg-js/-/jpeg-js-0.4.4.tgz",
      "integrity": "sha512-WZzeDOEtTOBK4Mdsar0IqEU5sMr3vSV2RqkAIzUEV2BHnUfKGyswWFPFwK5EeDo93K3FohSHbLAjj0s1Wzd+dg=="
    },
    "lazyness": {
      "version": "1.2.0",
      "resolved": "https://registry.npmjs.org/lazyness/-/lazyness-1.2.0.tgz",
      "integrity": "sha512-KenL6EFbwxBwRxG93t0gcUyi0Nw0Ub31FJKN1laA4UscdkL1K1AxUd0gYZdcLU3v+x+wcFi4uQKS5hL+fk500g=="
    },
    "mime-db": {
      "version": "1.52.0",
      "resolved": "https://registry.npmjs.org/mime-db/-/mime-db-1.52.0.tgz",
      "integrity": "sha512-sPU4uV7dYlvtWJxwwxHD0PuihVNiE7TyAbQ5SWxDCB9mUYvOgroQOwYQQOKPJ8CIbE+1ETVlOoK1UC2nU3gYvg=="
    },
    "mime-types": {
      "version": "2.1.35",
      "resolved": "https://registry.npmjs.org/mime-types/-/mime-types-2.1.35.tgz",
      "integrity": "sha512-ZDY+bPm5zTTF+YpCrAU9nK0UgICYPT0QtT1NZWFv4s++TNkcgVaT0g6+4R2uI4MjQjzysHB1zxuWL50hzaeXiw==",
      "requires": {
        "mime-db": "1.52.0"
      }
    },
    "ndarray": {
      "version": "1.0.19",
      "resolved": "https://registry.npmjs.org/ndarray/-/ndarray-1.0.19.tgz",
      "integrity": "sha512-B4JHA4vdyZU30ELBw3g7/p9bZupyew5a7tX1Y/gGeF2hafrPaQZhgrGQfsvgfYbgdFZjYwuEcnaobeM/WMW+HQ==",
      "requires": {
        "iota-array": "^1.0.0",
        "is-buffer": "^1.0.2"
      }
    },
    "ndarray-pack": {
      "version": "1.2.1",
      "resolved": "https://registry.npmjs.org/ndarray-pack/-/ndarray-pack-1.2.1.tgz",
      "integrity": "sha512-51cECUJMT0rUZNQa09EoKsnFeDL4x2dHRT0VR5U2H5ZgEcm95ZDWcMA5JShroXjHOejmAD/fg8+H+OvUnVXz2g==",
      "requires": {
        "cwise-compiler": "^1.1.2",
        "ndarray": "^1.0.13"
      }
    },
    "nextgen-events": {
      "version": "1.5.3",
      "resolved": "https://registry.npmjs.org/nextgen-events/-/nextgen-events-1.5.3.tgz",
      "integrity": "sha512-P6qw6kenNXP+J9XlKJNi/MNHUQ+Lx5K8FEcSfX7/w8KJdZan5+BB5MKzuNgL2RTjHG1Svg8SehfseVEp8zAqwA=="
    },
    "node-bitmap": {
      "version": "0.0.1",
      "resolved": "https://registry.npmjs.org/node-bitmap/-/node-bitmap-0.0.1.tgz",
      "integrity": "sha512-Jx5lPaaLdIaOsj2mVLWMWulXF6GQVdyLvNSxmiYCvZ8Ma2hfKX0POoR2kgKOqz+oFsRreq0yYZjQ2wjE9VNzCA=="
    },
    "omggif": {
      "version": "1.0.10",
      "resolved": "https://registry.npmjs.org/omggif/-/omggif-1.0.10.tgz",
      "integrity": "sha512-LMJTtvgc/nugXj0Vcrrs68Mn2D1r0zf630VNtqtpI1FEO7e+O9FP4gqs9AcnBaSEeoHIPm28u6qgPR0oyEpGSw=="
    },
    "pngjs": {
      "version": "6.0.0",
      "resolved": "https://registry.npmjs.org/pngjs/-/pngjs-6.0.0.tgz",
      "integrity": "sha512-TRzzuFRRmEoSW/p1KVAmiOgPco2Irlah+bGFCeNfJXxxYGwSw7YwAOAcd7X28K/m5bjBWKsC29KyoMfHbypayg=="
    },
    "proxy-from-env": {
      "version": "1.1.0",
      "resolved": "https://registry.npmjs.org/proxy-from-env/-/proxy-from-env-1.1.0.tgz",
      "integrity": "sha512-D+zkORCbA9f1tdWRK0RaCR3GPv50cMxcrz4X8k5LTSUD1Dkw47mKJEZQNunItRTkWwgtaUSo1RVFRIG9ZXiFYg=="
    },
    "reblessed": {
      "version": "0.2.1",
      "resolved": "https://registry.npmjs.org/reblessed/-/reblessed-0.2.1.tgz",
      "integrity": "sha512-L2/u0PpF18T8YKc5EiwnY8/+YNBR2DOtbb45H8AvgtxYzU64Xr7D1lI+rjZ8hNHHAK40n99lGmU3wvxat8L89Q=="
    },
    "setimmediate": {
      "version": "1.0.5",
      "resolved": "https://registry.npmjs.org/setimmediate/-/setimmediate-1.0.5.tgz",
      "integrity": "sha512-MATJdZp8sLqDl/68LfQmbP8zKPLQNV6BIZoIgrscFDQ+RsvK/BxeDQOgyxKKoh0y/8h3BqVFnCqQ/gd+reiIXA=="
    },
    "seventh": {
      "version": "0.8.2",
      "resolved": "https://registry.npmjs.org/seventh/-/seventh-0.8.2.tgz",
      "integrity": "sha512-GQsGIdg98GLYW4KEtzr+JKfI94NTaSeJAzAL3XrObeFeHvVp7PwuVELYNzk6XO1s8rWD+tTDKce3wh/No8ZPAg==",
      "requires": {
        "setimmediate": "^1.0.5"
      }
    },
    "simple-json-db": {
      "version": "2.0.0",
      "resolved": "https://registry.npmjs.org/simple-json-db/-/simple-json-db-2.0.0.tgz",
      "integrity": "sha512-oTh7gFQzqAe0E8RN3EkisPo0CojkzcKCKibTcJncg0yt47hWTaNwwjX/FsxfXSTDxfMjBFXFVnZe/EskAlJr7w=="
    },
    "string-kit": {
      "version": "0.17.8",
      "resolved": "https://registry.npmjs.org/string-kit/-/string-kit-0.17.8.tgz",
      "integrity": "sha512-pkJoGTq6y/xMwvV9A9Ets/sRgYEQ/nxhbHsm0z/8pAB6pqkC2JF+Od9r1o8CPRkai12r0XjRsCwUiZaSnEdjdA=="
    },
    "terminal-kit": {
      "version": "3.0.0",
      "resolved": "https://registry.npmjs.org/terminal-kit/-/terminal-kit-3.0.0.tgz",
      "integrity": "sha512-GSJGYF0+hoFylKJXmq0ntE42b4S7zUkxFpf7FqHGwKFPCNeGkuv3jV0tmGquZkmfh5mYb/B2xoPJiP40mJsQrg==",
      "requires": {
        "@cronvel/get-pixels": "^3.4.1",
        "chroma-js": "^2.4.2",
        "lazyness": "^1.2.0",
        "ndarray": "^1.0.19",
        "nextgen-events": "^1.5.3",
        "seventh": "^0.8.1",
        "string-kit": "^0.17.6",
        "tree-kit": "^0.7.4"
      }
    },
    "tree-kit": {
      "version": "0.7.4",
      "resolved": "https://registry.npmjs.org/tree-kit/-/tree-kit-0.7.4.tgz",
      "integrity": "sha512-Of3tPmVs3b6BhzyUJ7t0olisf47kYr9qAm0XaUpURMjdBn6TwiVaaMuTFoKkkvPGojd9trKAHlrGGcGKcdR1DA=="
    },
    "typescript": {
      "version": "4.9.5",
      "resolved": "https://registry.npmjs.org/typescript/-/typescript-4.9.5.tgz",
      "integrity": "sha512-1FXk9E2Hm+QzZQ7z+McJiHL4NW1F2EzMu9Nq9i3zAaGqibafqYwCVU6WyWAuyQRRzOlxou8xZSyXLEN8oKj24g==",
      "dev": true
    },
    "uniq": {
      "version": "1.0.1",
      "resolved": "https://registry.npmjs.org/uniq/-/uniq-1.0.1.tgz",
      "integrity": "sha512-Gw+zz50YNKPDKXs+9d+aKAjVwpjNwqzvNpLigIruT4HA9lMZNdMqs9x07kKHB/L9WRzqp4+DlTU5s4wG2esdoA=="
    }
  }
}
